
Microsoft Visual Studio Solution File, Format Version 12.00
# Visual Studio Version 17
VisualStudioVersion = 17.11.35327.3
MinimumVisualStudioVersion = 10.0.40219.1
Project("{FAE04EC0-301F-11D3-BF4B-00C04F79EFBC}") = "ProyectoBases", "ProyectoBases\ProyectoBases.csproj", "{8FF0608E-9323-42B6-8151-0E5B40796EFC}"
EndProject
Global
	GlobalSection(SolutionConfigurationPlatforms) = preSolution
		Debug|Any CPU = Debug|Any CPU
		Release|Any CPU = Release|Any CPU
	EndGlobalSection
	GlobalSection(ProjectConfigurationPlatforms) = postSolution
		{8FF0608E-9323-42B6-8151-0E5B40796EFC}.Debug|Any CPU.ActiveCfg = Debug|Any CPU
		{8FF0608E-9323-42B6-8151-0E5B40796EFC}.Debug|Any CPU.Build.0 = Debug|Any CPU
		{8FF0608E-9323-42B6-8151-0E5B40796EFC}.Release|Any CPU.ActiveCfg = Release|Any CPU
		{8FF0608E-9323-42B6-8151-0E5B40796EFC}.Release|Any CPU.Build.0 = Release|Any CPU
	EndGlobalSection
	GlobalSection(SolutionProperties) = preSolution
		HideSolutionNode = FALSE
	EndGlobalSection
	GlobalSection(ExtensibilityGlobals) = postSolution
		SolutionGuid = {B97B2763-62D7-4A0C-9B7B-133AD1768397}
	EndGlobalSection
EndGlobal
